{
    "_readme": [
        "This file locks the dependencies of your project to a known state",
        "Read more about it at https://getcomposer.org/doc/01-basic-usage.md#installing-dependencies",
        "This file is @generated automatically"
    ],
    "content-hash": "3fb77128ec5da743fb1316a36e35aab8",
    "packages": [
        {
            "name": "mpphp/database",
            "version": "v1.0.0-alpha",
            "source": {
                "type": "git",
                "url": "https://github.com/mpphp/database.git",
                "reference": "cd5d704fc44d3a065c547de6b0ae3659ca6578ea"
            },
            "dist": {
                "type": "zip",
                "url": "https://api.github.com/repos/mpphp/database/zipball/cd5d704fc44d3a065c547de6b0ae3659ca6578ea",
                "reference": "cd5d704fc44d3a065c547de6b0ae3659ca6578ea",
                "shasum": ""
            },
            "require": {
                "php": "^7.1"
            },
            "type": "library",
            "autoload": {
                "files": [
                    "database.php"
                ]
            },
            "notification-url": "https://packagist.org/downloads/",
            "license": [
                "MIT"
            ],
            "authors": [
                {
                    "name": "tsommie",
                    "email": "anitchec.dev@gmail.com"
                }
            ],
            "description": "MPPHP database library",
            "time": "2019-04-08T09:49:03+00:00"
        },
        {
            "name": "mpphp/router",
            "version": "v1.0.0-alpha",
            "source": {
                "type": "git",
                "url": "https://github.com/mpphp/router.git",
                "reference": "378736389ac6abd900b8475647cd81c5cebfb5bb"
            },
            "dist": {
                "type": "zip",
                "url": "https://api.github.com/repos/mpphp/router/zipball/378736389ac6abd900b8475647cd81c5cebfb5bb",
                "reference": "378736389ac6abd900b8475647cd81c5cebfb5bb",
                "shasum": ""
            },
            "require": {
                "mpphp/support": "~v1.0.0-alpha",
                "mpphp/view": "~v1.0.0-alpha",
                "php": "^7.1"
            },
            "type": "library",
            "autoload": {
                "files": [
                    "router.php"
                ]
            },
            "notification-url": "https://packagist.org/downloads/",
            "license": [
                "MIT"
            ],
            "authors": [
                {
                    "name": "Anitche Chisom",
                    "email": "anitchec.dev@gmail.com"
                }
            ],
            "description": "MPPHP Router library.",
            "homepage": "https://mpphp.github.io/mpphp/",
            "keywords": [
                "MpPHP",
                "framework",
                "php",
                "procedural"
            ],
            "time": "2019-05-01T17:57:51+00:00"
        },
        {
            "name": "mpphp/support",
            "version": "v1.0.0-alpha",
            "source": {
                "type": "git",
                "url": "https://github.com/mpphp/support.git",
                "reference": "1e550a97e99539a546b822510f7392077c386644"
            },
            "dist": {
                "type": "zip",
                "url": "https://api.github.com/repos/mpphp/support/zipball/1e550a97e99539a546b822510f7392077c386644",
                "reference": "1e550a97e99539a546b822510f7392077c386644",
                "shasum": ""
            },
            "require": {
                "php": "^7.1"
            },
            "type": "library",
            "autoload": {
                "files": [
                    "functions/array.php",
                    "functions/core.php",
                    "functions/hash.php",
                    "functions/session.php",
                    "functions/string.php",
                    "functions/utils.php"
                ]
            },
            "notification-url": "https://packagist.org/downloads/",
            "license": [
                "MIT"
            ],
            "authors": [
                {
                    "name": "Anitche Chisom",
                    "email": "anitchec.dev@gmail.com"
                }
            ],
            "description": "MPPHP support functions.",
            "homepage": "https://mpphp.github.io/mpphp/",
            "keywords": [
                "MpPHP",
                "functions",
                "helpers",
                "php"
            ],
            "time": "2019-04-08T08:50:24+00:00"
        },
        {
            "name": "mpphp/validation",
            "version": "v1.0.0-alpha",
            "source": {
                "type": "git",
                "url": "https://github.com/mpphp/validation.git",
                "reference": "57d5593888d773051884e11534b2319950f4e6a5"
            },
            "dist": {
                "type": "zip",
                "url": "https://api.github.com/repos/mpphp/validation/zipball/57d5593888d773051884e11534b2319950f4e6a5",
                "reference": "57d5593888d773051884e11534b2319950f4e6a5",
                "shasum": ""
            },
            "type": "library",
            "autoload": {
                "files": [
                    "validation.php"
                ]
            },
            "notification-url": "https://packagist.org/downloads/",
            "license": [
                "MIT"
            ],
            "authors": [
                {
                    "name": "Anitche Chisom",
                    "email": "anitchec.dev@gmail.com"
                }
            ],
            "description": "MpPHP form validation library",
            "time": "2019-04-05T23:26:29+00:00"
        },
        {
            "name": "mpphp/view",
            "version": "v1.0.0-alpha",
            "source": {
                "type": "git",
                "url": "https://github.com/mpphp/veiw.git",
                "reference": "042315aed0600b24a32af94a49f771f9f3bee466"
            },
            "dist": {
                "type": "zip",
                "url": "https://api.github.com/repos/mpphp/veiw/zipball/042315aed0600b24a32af94a49f771f9f3bee466",
                "reference": "042315aed0600b24a32af94a49f771f9f3bee466",
                "shasum": ""
            },
            "require": {
                "mpphp/support": "~v1.0.0-alpha",
                "php": "^7.1"
            },
            "type": "library",
            "autoload": {
                "files": [
                    "view.php"
                ]
            },
            "notification-url": "https://packagist.org/downloads/",
            "license": [
                "MIT"
            ],
            "authors": [
                {
                    "name": "Anitche Chisom",
                    "email": "anitchec.dev@gmail.com"
                }
            ],
            "description": "MPPHP view library.",
            "homepage": "https://mpphp.github.io/mpphp/",
            "keywords": [
                "MpPHP",
                "framework",
                "php",
                "procedural",
                "view"
            ],
            "time": "2019-05-01T17:48:05+00:00"
        }
    ],
    "packages-dev": [],
    "aliases": [],
    "minimum-stability": "dev",
    "stability-flags": [],
    "prefer-stable": false,
    "prefer-lowest": false,
    "platform": {
        "php": "^7.1"
    },
    "platform-dev": []
}
